
Microsoft Visual Studio Solution File, Format Version 12.00
# Visual Studio Version 17
VisualStudioVersion = 17.5.33530.505
MinimumVisualStudioVersion = 10.0.40219.1
Project("{9A19103F-16F7-4668-BE54-9A1E7A4F7556}") = "ImageServer", "ImageServer\ImageServer.csproj", "{59997647-EA1A-4812-9397-5AB71DDAD42C}"
EndProject
Project("{FAE04EC0-301F-11D3-BF4B-00C04F79EFBC}") = "WebApplication1", "WebApplication1\WebApplication1.csproj", "{4D8AF61A-40EC-4ADB-945D-9D9BB1A3C65F}"
EndProject
Global
	GlobalSection(SolutionConfigurationPlatforms) = preSolution
		Debug|Any CPU = Debug|Any CPU
		Release|Any CPU = Release|Any CPU
	EndGlobalSection
	GlobalSection(ProjectConfigurationPlatforms) = postSolution
		{59997647-EA1A-4812-9397-5AB71DDAD42C}.Debug|Any CPU.ActiveCfg = Debug|Any CPU
		{59997647-EA1A-4812-9397-5AB71DDAD42C}.Debug|Any CPU.Build.0 = Debug|Any CPU
		{59997647-EA1A-4812-9397-5AB71DDAD42C}.Release|Any CPU.ActiveCfg = Release|Any CPU
		{59997647-EA1A-4812-9397-5AB71DDAD42C}.Release|Any CPU.Build.0 = Release|Any CPU
		{4D8AF61A-40EC-4ADB-945D-9D9BB1A3C65F}.Debug|Any CPU.ActiveCfg = Debug|Any CPU
		{4D8AF61A-40EC-4ADB-945D-9D9BB1A3C65F}.Debug|Any CPU.Build.0 = Debug|Any CPU
		{4D8AF61A-40EC-4ADB-945D-9D9BB1A3C65F}.Release|Any CPU.ActiveCfg = Release|Any CPU
		{4D8AF61A-40EC-4ADB-945D-9D9BB1A3C65F}.Release|Any CPU.Build.0 = Release|Any CPU
	EndGlobalSection
	GlobalSection(SolutionProperties) = preSolution
		HideSolutionNode = FALSE
	EndGlobalSection
	GlobalSection(ExtensibilityGlobals) = postSolution
		SolutionGuid = {1A95D05A-BB38-4A54-A7A2-3C64B6903197}
	EndGlobalSection
EndGlobal
